
Microsoft Visual Studio Solution File, Format Version 12.00
# Visual Studio Version 16
VisualStudioVersion = 16.0.30907.101
MinimumVisualStudioVersion = 10.0.40219.1
Project("{FAE04EC0-301F-11D3-BF4B-00C04F79EFBC}") = "Musicalog.Web", "Musicalog.Web\Musicalog.Web.csproj", "{98171AC7-5890-4F38-8563-C61801DF14E6}"
	ProjectSection(ProjectDependencies) = postProject
		{20EFFC4A-5009-4E63-B578-5579DE59D9F7} = {20EFFC4A-5009-4E63-B578-5579DE59D9F7}
	EndProjectSection
EndProject
Project("{FAE04EC0-301F-11D3-BF4B-00C04F79EFBC}") = "Musicalog.Data", "Musicalog.Data\Musicalog.Data.csproj", "{4AEB3F1D-42B7-41E5-8126-ED202B3F376A}"
EndProject
Project("{FAE04EC0-301F-11D3-BF4B-00C04F79EFBC}") = "Musicalog.Data.Models", "Musicalog.Data.Models\Musicalog.Data.Models.csproj", "{2A853431-F005-49E7-8B92-5061B1BFABB1}"
EndProject
Project("{FAE04EC0-301F-11D3-BF4B-00C04F79EFBC}") = "Musicalog.Seed", "Musicalog.Seed\Musicalog.Seed.csproj", "{504D4388-233F-467E-AB1D-E33BDCA08E1E}"
EndProject
Project("{FAE04EC0-301F-11D3-BF4B-00C04F79EFBC}") = "Musicalog.Service", "Musicalog.Service\Musicalog.Service.csproj", "{20EFFC4A-5009-4E63-B578-5579DE59D9F7}"
EndProject
Global
	GlobalSection(SolutionConfigurationPlatforms) = preSolution
		Debug|Any CPU = Debug|Any CPU
		Release|Any CPU = Release|Any CPU
	EndGlobalSection
	GlobalSection(ProjectConfigurationPlatforms) = postSolution
		{98171AC7-5890-4F38-8563-C61801DF14E6}.Debug|Any CPU.ActiveCfg = Debug|Any CPU
		{98171AC7-5890-4F38-8563-C61801DF14E6}.Debug|Any CPU.Build.0 = Debug|Any CPU
		{98171AC7-5890-4F38-8563-C61801DF14E6}.Release|Any CPU.ActiveCfg = Release|Any CPU
		{98171AC7-5890-4F38-8563-C61801DF14E6}.Release|Any CPU.Build.0 = Release|Any CPU
		{4AEB3F1D-42B7-41E5-8126-ED202B3F376A}.Debug|Any CPU.ActiveCfg = Debug|Any CPU
		{4AEB3F1D-42B7-41E5-8126-ED202B3F376A}.Debug|Any CPU.Build.0 = Debug|Any CPU
		{4AEB3F1D-42B7-41E5-8126-ED202B3F376A}.Release|Any CPU.ActiveCfg = Release|Any CPU
		{4AEB3F1D-42B7-41E5-8126-ED202B3F376A}.Release|Any CPU.Build.0 = Release|Any CPU
		{2A853431-F005-49E7-8B92-5061B1BFABB1}.Debug|Any CPU.ActiveCfg = Debug|Any CPU
		{2A853431-F005-49E7-8B92-5061B1BFABB1}.Debug|Any CPU.Build.0 = Debug|Any CPU
		{2A853431-F005-49E7-8B92-5061B1BFABB1}.Release|Any CPU.ActiveCfg = Release|Any CPU
		{2A853431-F005-49E7-8B92-5061B1BFABB1}.Release|Any CPU.Build.0 = Release|Any CPU
		{504D4388-233F-467E-AB1D-E33BDCA08E1E}.Debug|Any CPU.ActiveCfg = Debug|Any CPU
		{504D4388-233F-467E-AB1D-E33BDCA08E1E}.Debug|Any CPU.Build.0 = Debug|Any CPU
		{504D4388-233F-467E-AB1D-E33BDCA08E1E}.Release|Any CPU.ActiveCfg = Release|Any CPU
		{504D4388-233F-467E-AB1D-E33BDCA08E1E}.Release|Any CPU.Build.0 = Release|Any CPU
		{20EFFC4A-5009-4E63-B578-5579DE59D9F7}.Debug|Any CPU.ActiveCfg = Debug|Any CPU
		{20EFFC4A-5009-4E63-B578-5579DE59D9F7}.Debug|Any CPU.Build.0 = Debug|Any CPU
		{20EFFC4A-5009-4E63-B578-5579DE59D9F7}.Release|Any CPU.ActiveCfg = Release|Any CPU
		{20EFFC4A-5009-4E63-B578-5579DE59D9F7}.Release|Any CPU.Build.0 = Release|Any CPU
	EndGlobalSection
	GlobalSection(SolutionProperties) = preSolution
		HideSolutionNode = FALSE
	EndGlobalSection
	GlobalSection(ExtensibilityGlobals) = postSolution
		SolutionGuid = {F3584C79-F857-4918-94DB-AB066C2A2F5F}
	EndGlobalSection
EndGlobal
